// !$*UTF8*$!
{
	archiveVersion = 1;
	classes = {
	};
	objectVersion = 51;
	objects = {

/* Begin PBXBuildFile section */
		48075CB326242A68001B62A1 /* WTUser.swift in Sources */ = {isa = PBXBuildFile; fileRef = 48075CB226242A68001B62A1 /* WTUser.swift */; };
		48075CB626242A92001B62A1 /* RegisterRequestModel.swift in Sources */ = {isa = PBXBuildFile; fileRef = 48075CB526242A92001B62A1 /* RegisterRequestModel.swift */; };
		48075CBA26242AC0001B62A1 /* PresentableError.swift in Sources */ = {isa = PBXBuildFile; fileRef = 48075CB926242AC0001B62A1 /* PresentableError.swift */; };
		48075CBE26242AE1001B62A1 /* Error+Extension.swift in Sources */ = {isa = PBXBuildFile; fileRef = 48075CBD26242AE1001B62A1 /* Error+Extension.swift */; };
		480C00AC262C8D4D00140E4F /* BaseViewController.swift in Sources */ = {isa = PBXBuildFile; fileRef = 480C00AB262C8D4D00140E4F /* BaseViewController.swift */; };
		480C00B0262C8D8B00140E4F /* BaseViewModel.swift in Sources */ = {isa = PBXBuildFile; fileRef = 480C00AF262C8D8B00140E4F /* BaseViewModel.swift */; };
		480C00B4262C8E4600140E4F /* WTAlert.swift in Sources */ = {isa = PBXBuildFile; fileRef = 480C00B3262C8E4600140E4F /* WTAlert.swift */; };
		480C00E4262C90EB00140E4F /* R.generated.swift in Sources */ = {isa = PBXBuildFile; fileRef = 480C00E3262C90EB00140E4F /* R.generated.swift */; };
		480C00FB262C914900140E4F /* Kanit-ExtraLight.ttf in Resources */ = {isa = PBXBuildFile; fileRef = 480C00E8262C914800140E4F /* Kanit-ExtraLight.ttf */; };
		480C00FC262C914900140E4F /* Kanit-ThinItalic.ttf in Resources */ = {isa = PBXBuildFile; fileRef = 480C00E9262C914900140E4F /* Kanit-ThinItalic.ttf */; };
		480C00FD262C914900140E4F /* Kanit-BoldItalic.ttf in Resources */ = {isa = PBXBuildFile; fileRef = 480C00EA262C914900140E4F /* Kanit-BoldItalic.ttf */; };
		480C00FE262C914900140E4F /* Kanit-SemiBold.ttf in Resources */ = {isa = PBXBuildFile; fileRef = 480C00EB262C914900140E4F /* Kanit-SemiBold.ttf */; };
		480C00FF262C914900140E4F /* Kanit-Black.ttf in Resources */ = {isa = PBXBuildFile; fileRef = 480C00EC262C914900140E4F /* Kanit-Black.ttf */; };
		480C0100262C914900140E4F /* Kanit-Regular.ttf in Resources */ = {isa = PBXBuildFile; fileRef = 480C00ED262C914900140E4F /* Kanit-Regular.ttf */; };
		480C0101262C914900140E4F /* Kanit-Italic.ttf in Resources */ = {isa = PBXBuildFile; fileRef = 480C00EE262C914900140E4F /* Kanit-Italic.ttf */; };
		480C0102262C914900140E4F /* Kanit-MediumItalic.ttf in Resources */ = {isa = PBXBuildFile; fileRef = 480C00EF262C914900140E4F /* Kanit-MediumItalic.ttf */; };
		480C0103262C914900140E4F /* Kanit-Thin.ttf in Resources */ = {isa = PBXBuildFile; fileRef = 480C00F0262C914900140E4F /* Kanit-Thin.ttf */; };
		480C0104262C914900140E4F /* Kanit-ExtraBoldItalic.ttf in Resources */ = {isa = PBXBuildFile; fileRef = 480C00F1262C914900140E4F /* Kanit-ExtraBoldItalic.ttf */; };
		480C0105262C914900140E4F /* Kanit-ExtraBold.ttf in Resources */ = {isa = PBXBuildFile; fileRef = 480C00F2262C914900140E4F /* Kanit-ExtraBold.ttf */; };
		480C0106262C914900140E4F /* Kanit-Bold.ttf in Resources */ = {isa = PBXBuildFile; fileRef = 480C00F3262C914900140E4F /* Kanit-Bold.ttf */; };
		480C0107262C914900140E4F /* Kanit-SemiBoldItalic.ttf in Resources */ = {isa = PBXBuildFile; fileRef = 480C00F4262C914900140E4F /* Kanit-SemiBoldItalic.ttf */; };
		480C0108262C914900140E4F /* OFL.txt in Resources */ = {isa = PBXBuildFile; fileRef = 480C00F5262C914900140E4F /* OFL.txt */; };
		480C0109262C914900140E4F /* Kanit-BlackItalic.ttf in Resources */ = {isa = PBXBuildFile; fileRef = 480C00F6262C914900140E4F /* Kanit-BlackItalic.ttf */; };
		480C010A262C914900140E4F /* Kanit-Light.ttf in Resources */ = {isa = PBXBuildFile; fileRef = 480C00F7262C914900140E4F /* Kanit-Light.ttf */; };
		480C010B262C914900140E4F /* Kanit-LightItalic.ttf in Resources */ = {isa = PBXBuildFile; fileRef = 480C00F8262C914900140E4F /* Kanit-LightItalic.ttf */; };
		480C010C262C914900140E4F /* Kanit-ExtraLightItalic.ttf in Resources */ = {isa = PBXBuildFile; fileRef = 480C00F9262C914900140E4F /* Kanit-ExtraLightItalic.ttf */; };
		480C010D262C914900140E4F /* Kanit-Medium.ttf in Resources */ = {isa = PBXBuildFile; fileRef = 480C00FA262C914900140E4F /* Kanit-Medium.ttf */; };
		480C0113262C930800140E4F /* TestViewController.swift in Sources */ = {isa = PBXBuildFile; fileRef = 480C0111262C930800140E4F /* TestViewController.swift */; };
		480C0114262C930800140E4F /* TestViewController.xib in Resources */ = {isa = PBXBuildFile; fileRef = 480C0112262C930800140E4F /* TestViewController.xib */; };
		480C0118262C9D4F00140E4F /* WTViewController.swift in Sources */ = {isa = PBXBuildFile; fileRef = 480C0117262C9D4F00140E4F /* WTViewController.swift */; };
		480C011C262C9D7E00140E4F /* SplashViewController.swift in Sources */ = {isa = PBXBuildFile; fileRef = 480C011A262C9D7E00140E4F /* SplashViewController.swift */; };
		480C011D262C9D7E00140E4F /* SplashViewController.xib in Resources */ = {isa = PBXBuildFile; fileRef = 480C011B262C9D7E00140E4F /* SplashViewController.xib */; };
		480C0120262C9DB400140E4F /* SplashViewModel.swift in Sources */ = {isa = PBXBuildFile; fileRef = 480C011F262C9DB400140E4F /* SplashViewModel.swift */; };
		480C0124262CA20300140E4F /* LoginViewController.swift in Sources */ = {isa = PBXBuildFile; fileRef = 480C0122262CA20300140E4F /* LoginViewController.swift */; };
		480C0125262CA20300140E4F /* LoginViewController.xib in Resources */ = {isa = PBXBuildFile; fileRef = 480C0123262CA20300140E4F /* LoginViewController.xib */; };
		480C0129262CA2CD00140E4F /* MainTabBarController.swift in Sources */ = {isa = PBXBuildFile; fileRef = 480C0128262CA2CD00140E4F /* MainTabBarController.swift */; };
		480C012E262CA30D00140E4F /* RoomsViewController.swift in Sources */ = {isa = PBXBuildFile; fileRef = 480C012C262CA30D00140E4F /* RoomsViewController.swift */; };
		480C012F262CA30D00140E4F /* RoomsViewController.xib in Resources */ = {isa = PBXBuildFile; fileRef = 480C012D262CA30D00140E4F /* RoomsViewController.xib */; };
		4836C16326594C5B00C3593A /* EnterPasswordViewController.swift in Sources */ = {isa = PBXBuildFile; fileRef = 4836C16126594C5B00C3593A /* EnterPasswordViewController.swift */; };
		4836C16426594C5B00C3593A /* EnterPasswordViewController.xib in Resources */ = {isa = PBXBuildFile; fileRef = 4836C16226594C5B00C3593A /* EnterPasswordViewController.xib */; };
		484A2A412620E233006C14BB /* WTSessionManager.swift in Sources */ = {isa = PBXBuildFile; fileRef = 484A2A402620E233006C14BB /* WTSessionManager.swift */; };
		48673A8926309D1C0015E035 /* RegisterViewController.swift in Sources */ = {isa = PBXBuildFile; fileRef = 48673A8726309D1C0015E035 /* RegisterViewController.swift */; };
		48673A8A26309D1C0015E035 /* RegisterViewController.xib in Resources */ = {isa = PBXBuildFile; fileRef = 48673A8826309D1C0015E035 /* RegisterViewController.xib */; };
		48673A8D26309D430015E035 /* RegisterViewModel.swift in Sources */ = {isa = PBXBuildFile; fileRef = 48673A8C26309D430015E035 /* RegisterViewModel.swift */; };
		48673AAE2630A3330015E035 /* PickAvatarViewController.swift in Sources */ = {isa = PBXBuildFile; fileRef = 48673AAC2630A3330015E035 /* PickAvatarViewController.swift */; };
		48673AAF2630A3330015E035 /* PickAvatarViewController.xib in Resources */ = {isa = PBXBuildFile; fileRef = 48673AAD2630A3330015E035 /* PickAvatarViewController.xib */; };
		48673B36263317DD0015E035 /* AppConstants.swift in Sources */ = {isa = PBXBuildFile; fileRef = 48673B35263317DD0015E035 /* AppConstants.swift */; };
		48673B3A263318880015E035 /* UIImage+Extensions.swift in Sources */ = {isa = PBXBuildFile; fileRef = 48673B39263318880015E035 /* UIImage+Extensions.swift */; };
		48673B4026357B9B0015E035 /* ProfileViewController.swift in Sources */ = {isa = PBXBuildFile; fileRef = 48673B3E26357B9B0015E035 /* ProfileViewController.swift */; };
		48673B4126357B9B0015E035 /* ProfileViewController.xib in Resources */ = {isa = PBXBuildFile; fileRef = 48673B3F26357B9B0015E035 /* ProfileViewController.xib */; };
		48673B4526357BBC0015E035 /* ProfileViewModel.swift in Sources */ = {isa = PBXBuildFile; fileRef = 48673B4426357BBC0015E035 /* ProfileViewModel.swift */; };
		48673B4826357F730015E035 /* WTCardStackView.swift in Sources */ = {isa = PBXBuildFile; fileRef = 48673B4726357F730015E035 /* WTCardStackView.swift */; };
		48673B692635F5560015E035 /* CreateRoomViewController.swift in Sources */ = {isa = PBXBuildFile; fileRef = 48673B672635F5560015E035 /* CreateRoomViewController.swift */; };
		48673B6A2635F5560015E035 /* CreateRoomViewController.xib in Resources */ = {isa = PBXBuildFile; fileRef = 48673B682635F5560015E035 /* CreateRoomViewController.xib */; };
		48673B6D2635F5630015E035 /* CreateRoomViewModel.swift in Sources */ = {isa = PBXBuildFile; fileRef = 48673B6C2635F5630015E035 /* CreateRoomViewModel.swift */; };
		48673B72263616A10015E035 /* RoomViewController.swift in Sources */ = {isa = PBXBuildFile; fileRef = 48673B70263616A10015E035 /* RoomViewController.swift */; };
		48673B73263616A10015E035 /* RoomViewController.xib in Resources */ = {isa = PBXBuildFile; fileRef = 48673B71263616A10015E035 /* RoomViewController.xib */; };
		48673B77263616BF0015E035 /* RoomViewModel.swift in Sources */ = {isa = PBXBuildFile; fileRef = 48673B76263616BF0015E035 /* RoomViewModel.swift */; };
		48673B7E26361E610015E035 /* MyMessageTVC.swift in Sources */ = {isa = PBXBuildFile; fileRef = 48673B7C26361E610015E035 /* MyMessageTVC.swift */; };
		48673B7F26361E610015E035 /* MyMessageTVC.xib in Resources */ = {isa = PBXBuildFile; fileRef = 48673B7D26361E610015E035 /* MyMessageTVC.xib */; };
		4870CBA8262F394A006D0B62 /* WTTextField.swift in Sources */ = {isa = PBXBuildFile; fileRef = 4870CBA7262F394A006D0B62 /* WTTextField.swift */; };
		4870CBC3262F69D2006D0B62 /* WTButton.swift in Sources */ = {isa = PBXBuildFile; fileRef = 4870CBC2262F69D2006D0B62 /* WTButton.swift */; };
		4870CBC6262F69F9006D0B62 /* BaseButton.swift in Sources */ = {isa = PBXBuildFile; fileRef = 4870CBC5262F69F9006D0B62 /* BaseButton.swift */; };
		4870CBFF262F78A5006D0B62 /* AvatarCollectionViewCell.swift in Sources */ = {isa = PBXBuildFile; fileRef = 4870CBFD262F78A5006D0B62 /* AvatarCollectionViewCell.swift */; };
		4870CC00262F78A5006D0B62 /* AvatarCollectionViewCell.xib in Resources */ = {isa = PBXBuildFile; fileRef = 4870CBFE262F78A5006D0B62 /* AvatarCollectionViewCell.xib */; };
		487D86D026552AE6005E50AF /* RoomTypeSelectionView.swift in Sources */ = {isa = PBXBuildFile; fileRef = 487D86CF26552AE6005E50AF /* RoomTypeSelectionView.swift */; };
		487D86D226552AEE005E50AF /* RoomTypeSelectionView.xib in Resources */ = {isa = PBXBuildFile; fileRef = 487D86D126552AEE005E50AF /* RoomTypeSelectionView.xib */; };
		48867E182645E295003F7139 /* DateFormatter+Extension.swift in Sources */ = {isa = PBXBuildFile; fileRef = 48867E172645E295003F7139 /* DateFormatter+Extension.swift */; };
		4892B46B265846F8009D8505 /* GradientView.swift in Sources */ = {isa = PBXBuildFile; fileRef = 4892B46A265846F8009D8505 /* GradientView.swift */; };
		48AD68CB268F0C0C00ADE5A3 /* GoogleService-Info.plist in Resources */ = {isa = PBXBuildFile; fileRef = 48AD68CA268F0C0C00ADE5A3 /* GoogleService-Info.plist */; };
		48B59B5B2620B0E200321ECF /* AppDelegate.swift in Sources */ = {isa = PBXBuildFile; fileRef = 48B59B5A2620B0E200321ECF /* AppDelegate.swift */; };
		48B59B5D2620B0E200321ECF /* SceneDelegate.swift in Sources */ = {isa = PBXBuildFile; fileRef = 48B59B5C2620B0E200321ECF /* SceneDelegate.swift */; };
		48B59B642620B0E400321ECF /* Assets.xcassets in Resources */ = {isa = PBXBuildFile; fileRef = 48B59B632620B0E400321ECF /* Assets.xcassets */; };
		48B59B672620B0E400321ECF /* LaunchScreen.storyboard in Resources */ = {isa = PBXBuildFile; fileRef = 48B59B652620B0E400321ECF /* LaunchScreen.storyboard */; };
		48B59B732620B27A00321ECF /* AppRouter.swift in Sources */ = {isa = PBXBuildFile; fileRef = 48B59B722620B27A00321ECF /* AppRouter.swift */; };
		48B59B772620B2A400321ECF /* TopViewControllerProvider.swift in Sources */ = {isa = PBXBuildFile; fileRef = 48B59B762620B2A400321ECF /* TopViewControllerProvider.swift */; };
		48B59B7A2620B36F00321ECF /* SceneFactory.swift in Sources */ = {isa = PBXBuildFile; fileRef = 48B59B792620B36F00321ECF /* SceneFactory.swift */; };
		48B59B7E2620B3CF00321ECF /* String+Extension.swift in Sources */ = {isa = PBXBuildFile; fileRef = 48B59B7D2620B3CF00321ECF /* String+Extension.swift */; };
		48B59B882620BDB500321ECF /* FirebaseManager.swift in Sources */ = {isa = PBXBuildFile; fileRef = 48B59B872620BDB500321ECF /* FirebaseManager.swift */; };
		48DC821C26583F6F00340DB8 /* PlaylistViewModel.swift in Sources */ = {isa = PBXBuildFile; fileRef = 48DC821B26583F6F00340DB8 /* PlaylistViewModel.swift */; };
		48DC82202658404900340DB8 /* PlaylistTVC.swift in Sources */ = {isa = PBXBuildFile; fileRef = 48DC821E2658404900340DB8 /* PlaylistTVC.swift */; };
		48DC82212658404900340DB8 /* PlaylistTVC.xib in Resources */ = {isa = PBXBuildFile; fileRef = 48DC821F2658404900340DB8 /* PlaylistTVC.xib */; };
		48E07931263CA3E30095C976 /* ForeignMessageTVC.swift in Sources */ = {isa = PBXBuildFile; fileRef = 48E0792F263CA3E30095C976 /* ForeignMessageTVC.swift */; };
		48E07932263CA3E30095C976 /* ForeignMessageTVC.xib in Resources */ = {isa = PBXBuildFile; fileRef = 48E07930263CA3E30095C976 /* ForeignMessageTVC.xib */; };
		48EF832D262CA4800009F052 /* LoginViewModel.swift in Sources */ = {isa = PBXBuildFile; fileRef = 48EF832C262CA4800009F052 /* LoginViewModel.swift */; };
		48EF8330262CA5890009F052 /* RoomsViewModel.swift in Sources */ = {isa = PBXBuildFile; fileRef = 48EF832F262CA5890009F052 /* RoomsViewModel.swift */; };
		48FB0015263D573600343986 /* RoomTVC.swift in Sources */ = {isa = PBXBuildFile; fileRef = 48FB0013263D573600343986 /* RoomTVC.swift */; };
		48FB0016263D573600343986 /* RoomTVC.xib in Resources */ = {isa = PBXBuildFile; fileRef = 48FB0014263D573600343986 /* RoomTVC.xib */; };
		48FB0079263EC5E700343986 /* AvatarCVC.swift in Sources */ = {isa = PBXBuildFile; fileRef = 48FB0077263EC5E700343986 /* AvatarCVC.swift */; };
		48FB007A263EC5E700343986 /* AvatarCVC.xib in Resources */ = {isa = PBXBuildFile; fileRef = 48FB0078263EC5E700343986 /* AvatarCVC.xib */; };
		48FB007F263EC64A00343986 /* MoreUserCVC.swift in Sources */ = {isa = PBXBuildFile; fileRef = 48FB007D263EC64A00343986 /* MoreUserCVC.swift */; };
		48FB0080263EC64A00343986 /* MoreUserCVC.xib in Resources */ = {isa = PBXBuildFile; fileRef = 48FB007E263EC64A00343986 /* MoreUserCVC.xib */; };
		48FB0085263F158100343986 /* UsersViewController.swift in Sources */ = {isa = PBXBuildFile; fileRef = 48FB0083263F158100343986 /* UsersViewController.swift */; };
		48FB0086263F158100343986 /* UsersViewController.xib in Resources */ = {isa = PBXBuildFile; fileRef = 48FB0084263F158100343986 /* UsersViewController.xib */; };
		48FB008C263F16BE00343986 /* UsersTVC.swift in Sources */ = {isa = PBXBuildFile; fileRef = 48FB008A263F16BE00343986 /* UsersTVC.swift */; };
		48FB008D263F16BE00343986 /* UsersTVC.xib in Resources */ = {isa = PBXBuildFile; fileRef = 48FB008B263F16BE00343986 /* UsersTVC.xib */; };
		48FB00B4263F1AB700343986 /* UsersViewModel.swift in Sources */ = {isa = PBXBuildFile; fileRef = 48FB00B3263F1AB700343986 /* UsersViewModel.swift */; };
		48FB00B7263F293500343986 /* VideoDetail.swift in Sources */ = {isa = PBXBuildFile; fileRef = 48FB00B6263F293500343986 /* VideoDetail.swift */; };
		48FB00E2263F2A1400343986 /* NetworkAdapter.swift in Sources */ = {isa = PBXBuildFile; fileRef = 48FB00E1263F2A1400343986 /* NetworkAdapter.swift */; };
		48FB00E6263F2A9B00343986 /* DataMapper.swift in Sources */ = {isa = PBXBuildFile; fileRef = 48FB00E5263F2A9B00343986 /* DataMapper.swift */; };
		48FB00E9263F2AEA00343986 /* YoutubeAPI.swift in Sources */ = {isa = PBXBuildFile; fileRef = 48FB00E8263F2AEA00343986 /* YoutubeAPI.swift */; };
		48FB00EC263F2C9E00343986 /* YoutubeServices.swift in Sources */ = {isa = PBXBuildFile; fileRef = 48FB00EB263F2C9E00343986 /* YoutubeServices.swift */; };
		48FB00F1263F2F5D00343986 /* PlaylistViewController.swift in Sources */ = {isa = PBXBuildFile; fileRef = 48FB00EF263F2F5D00343986 /* PlaylistViewController.swift */; };
		48FB00F2263F2F5E00343986 /* PlaylistViewController.xib in Resources */ = {isa = PBXBuildFile; fileRef = 48FB00F0263F2F5D00343986 /* PlaylistViewController.xib */; };
		48FB00F5263F324D00343986 /* CircleButton.swift in Sources */ = {isa = PBXBuildFile; fileRef = 48FB00F4263F324D00343986 /* CircleButton.swift */; };
		48FB00F8263F326C00343986 /* MessageTextField.swift in Sources */ = {isa = PBXBuildFile; fileRef = 48FB00F7263F326C00343986 /* MessageTextField.swift */; };
		48FB00FD263F331F00343986 /* SearchWebViewViewController.swift in Sources */ = {isa = PBXBuildFile; fileRef = 48FB00FB263F331F00343986 /* SearchWebViewViewController.swift */; };
		48FB00FE263F331F00343986 /* SearchWebViewViewController.xib in Resources */ = {isa = PBXBuildFile; fileRef = 48FB00FC263F331F00343986 /* SearchWebViewViewController.xib */; };
		BC464B16CB4E27BE5D632052 /* Pods_WatchTogether.framework in Frameworks */ = {isa = PBXBuildFile; fileRef = 348F2AAED0F966E53AC46CDE /* Pods_WatchTogether.framework */; };
/* End PBXBuildFile section */

/* Begin PBXFileReference section */
		348F2AAED0F966E53AC46CDE /* Pods_WatchTogether.framework */ = {isa = PBXFileReference; explicitFileType = wrapper.framework; includeInIndex = 0; path = Pods_WatchTogether.framework; sourceTree = BUILT_PRODUCTS_DIR; };
		48075CB226242A68001B62A1 /* WTUser.swift */ = {isa = PBXFileReference; lastKnownFileType = sourcecode.swift; path = WTUser.swift; sourceTree = "<group>"; };
		48075CB526242A92001B62A1 /* RegisterRequestModel.swift */ = {isa = PBXFileReference; lastKnownFileType = sourcecode.swift; path = RegisterRequestModel.swift; sourceTree = "<group>"; };
		48075CB926242AC0001B62A1 /* PresentableError.swift */ = {isa = PBXFileReference; lastKnownFileType = sourcecode.swift; path = PresentableError.swift; sourceTree = "<group>"; };
		48075CBD26242AE1001B62A1 /* Error+Extension.swift */ = {isa = PBXFileReference; lastKnownFileType = sourcecode.swift; path = "Error+Extension.swift"; sourceTree = "<group>"; };
		480C00AB262C8D4D00140E4F /* BaseViewController.swift */ = {isa = PBXFileReference; lastKnownFileType = sourcecode.swift; path = BaseViewController.swift; sourceTree = "<group>"; };
		480C00AF262C8D8B00140E4F /* BaseViewModel.swift */ = {isa = PBXFileReference; lastKnownFileType = sourcecode.swift; path = BaseViewModel.swift; sourceTree = "<group>"; };
		480C00B3262C8E4600140E4F /* WTAlert.swift */ = {isa = PBXFileReference; lastKnownFileType = sourcecode.swift; path = WTAlert.swift; sourceTree = "<group>"; };
		480C00E3262C90EB00140E4F /* R.generated.swift */ = {isa = PBXFileReference; fileEncoding = 4; lastKnownFileType = sourcecode.swift; path = R.generated.swift; sourceTree = "<group>"; };
		480C00E8262C914800140E4F /* Kanit-ExtraLight.ttf */ = {isa = PBXFileReference; lastKnownFileType = file; path = "Kanit-ExtraLight.ttf"; sourceTree = "<group>"; };
		480C00E9262C914900140E4F /* Kanit-ThinItalic.ttf */ = {isa = PBXFileReference; lastKnownFileType = file; path = "Kanit-ThinItalic.ttf"; sourceTree = "<group>"; };
		480C00EA262C914900140E4F /* Kanit-BoldItalic.ttf */ = {isa = PBXFileReference; lastKnownFileType = file; path = "Kanit-BoldItalic.ttf"; sourceTree = "<group>"; };
		480C00EB262C914900140E4F /* Kanit-SemiBold.ttf */ = {isa = PBXFileReference; lastKnownFileType = file; path = "Kanit-SemiBold.ttf"; sourceTree = "<group>"; };
		480C00EC262C914900140E4F /* Kanit-Black.ttf */ = {isa = PBXFileReference; lastKnownFileType = file; path = "Kanit-Black.ttf"; sourceTree = "<group>"; };
		480C00ED262C914900140E4F /* Kanit-Regular.ttf */ = {isa = PBXFileReference; lastKnownFileType = file; path = "Kanit-Regular.ttf"; sourceTree = "<group>"; };
		480C00EE262C914900140E4F /* Kanit-Italic.ttf */ = {isa = PBXFileReference; lastKnownFileType = file; path = "Kanit-Italic.ttf"; sourceTree = "<group>"; };
		480C00EF262C914900140E4F /* Kanit-MediumItalic.ttf */ = {isa = PBXFileReference; lastKnownFileType = file; path = "Kanit-MediumItalic.ttf"; sourceTree = "<group>"; };
		480C00F0262C914900140E4F /* Kanit-Thin.ttf */ = {isa = PBXFileReference; lastKnownFileType = file; path = "Kanit-Thin.ttf"; sourceTree = "<group>"; };
		480C00F1262C914900140E4F /* Kanit-ExtraBoldItalic.ttf */ = {isa = PBXFileReference; lastKnownFileType = file; path = "Kanit-ExtraBoldItalic.ttf"; sourceTree = "<group>"; };
		480C00F2262C914900140E4F /* Kanit-ExtraBold.ttf */ = {isa = PBXFileReference; lastKnownFileType = file; path = "Kanit-ExtraBold.ttf"; sourceTree = "<group>"; };
		480C00F3262C914900140E4F /* Kanit-Bold.ttf */ = {isa = PBXFileReference; lastKnownFileType = file; path = "Kanit-Bold.ttf"; sourceTree = "<group>"; };
		480C00F4262C914900140E4F /* Kanit-SemiBoldItalic.ttf */ = {isa = PBXFileReference; lastKnownFileType = file; path = "Kanit-SemiBoldItalic.ttf"; sourceTree = "<group>"; };
		480C00F5262C914900140E4F /* OFL.txt */ = {isa = PBXFileReference; fileEncoding = 4; lastKnownFileType = text; path = OFL.txt; sourceTree = "<group>"; };
		480C00F6262C914900140E4F /* Kanit-BlackItalic.ttf */ = {isa = PBXFileReference; lastKnownFileType = file; path = "Kanit-BlackItalic.ttf"; sourceTree = "<group>"; };
		480C00F7262C914900140E4F /* Kanit-Light.ttf */ = {isa = PBXFileReference; lastKnownFileType = file; path = "Kanit-Light.ttf"; sourceTree = "<group>"; };
		480C00F8262C914900140E4F /* Kanit-LightItalic.ttf */ = {isa = PBXFileReference; lastKnownFileType = file; path = "Kanit-LightItalic.ttf"; sourceTree = "<group>"; };
		480C00F9262C914900140E4F /* Kanit-ExtraLightItalic.ttf */ = {isa = PBXFileReference; lastKnownFileType = file; path = "Kanit-ExtraLightItalic.ttf"; sourceTree = "<group>"; };
		480C00FA262C914900140E4F /* Kanit-Medium.ttf */ = {isa = PBXFileReference; lastKnownFileType = file; path = "Kanit-Medium.ttf"; sourceTree = "<group>"; };
		480C0111262C930800140E4F /* TestViewController.swift */ = {isa = PBXFileReference; lastKnownFileType = sourcecode.swift; path = TestViewController.swift; sourceTree = "<group>"; };
		480C0112262C930800140E4F /* TestViewController.xib */ = {isa = PBXFileReference; lastKnownFileType = file.xib; path = TestViewController.xib; sourceTree = "<group>"; };
		480C0117262C9D4F00140E4F /* WTViewController.swift */ = {isa = PBXFileReference; lastKnownFileType = sourcecode.swift; path = WTViewController.swift; sourceTree = "<group>"; };
		480C011A262C9D7E00140E4F /* SplashViewController.swift */ = {isa = PBXFileReference; lastKnownFileType = sourcecode.swift; path = SplashViewController.swift; sourceTree = "<group>"; };
		480C011B262C9D7E00140E4F /* SplashViewController.xib */ = {isa = PBXFileReference; lastKnownFileType = file.xib; path = SplashViewController.xib; sourceTree = "<group>"; };
		480C011F262C9DB400140E4F /* SplashViewModel.swift */ = {isa = PBXFileReference; lastKnownFileType = sourcecode.swift; path = SplashViewModel.swift; sourceTree = "<group>"; };
		480C0122262CA20300140E4F /* LoginViewController.swift */ = {isa = PBXFileReference; lastKnownFileType = sourcecode.swift; path = LoginViewController.swift; sourceTree = "<group>"; };
		480C0123262CA20300140E4F /* LoginViewController.xib */ = {isa = PBXFileReference; lastKnownFileType = file.xib; path = LoginViewController.xib; sourceTree = "<group>"; };
		480C0128262CA2CD00140E4F /* MainTabBarController.swift */ = {isa = PBXFileReference; lastKnownFileType = sourcecode.swift; path = MainTabBarController.swift; sourceTree = "<group>"; };
		480C012C262CA30D00140E4F /* RoomsViewController.swift */ = {isa = PBXFileReference; lastKnownFileType = sourcecode.swift; path = RoomsViewController.swift; sourceTree = "<group>"; };
		480C012D262CA30D00140E4F /* RoomsViewController.xib */ = {isa = PBXFileReference; lastKnownFileType = file.xib; path = RoomsViewController.xib; sourceTree = "<group>"; };
		4836C16126594C5B00C3593A /* EnterPasswordViewController.swift */ = {isa = PBXFileReference; lastKnownFileType = sourcecode.swift; path = EnterPasswordViewController.swift; sourceTree = "<group>"; };
		4836C16226594C5B00C3593A /* EnterPasswordViewController.xib */ = {isa = PBXFileReference; lastKnownFileType = file.xib; path = EnterPasswordViewController.xib; sourceTree = "<group>"; };
		484A2A402620E233006C14BB /* WTSessionManager.swift */ = {isa = PBXFileReference; lastKnownFileType = sourcecode.swift; path = WTSessionManager.swift; sourceTree = "<group>"; };
		48673A8726309D1C0015E035 /* RegisterViewController.swift */ = {isa = PBXFileReference; lastKnownFileType = sourcecode.swift; path = RegisterViewController.swift; sourceTree = "<group>"; };
		48673A8826309D1C0015E035 /* RegisterViewController.xib */ = {isa = PBXFileReference; lastKnownFileType = file.xib; path = RegisterViewController.xib; sourceTree = "<group>"; };
		48673A8C26309D430015E035 /* RegisterViewModel.swift */ = {isa = PBXFileReference; lastKnownFileType = sourcecode.swift; path = RegisterViewModel.swift; sourceTree = "<group>"; };
		48673AAC2630A3330015E035 /* PickAvatarViewController.swift */ = {isa = PBXFileReference; lastKnownFileType = sourcecode.swift; path = PickAvatarViewController.swift; sourceTree = "<group>"; };
		48673AAD2630A3330015E035 /* PickAvatarViewController.xib */ = {isa = PBXFileReference; lastKnownFileType = file.xib; path = PickAvatarViewController.xib; sourceTree = "<group>"; };
		48673B35263317DD0015E035 /* AppConstants.swift */ = {isa = PBXFileReference; lastKnownFileType = sourcecode.swift; path = AppConstants.swift; sourceTree = "<group>"; };
		48673B39263318880015E035 /* UIImage+Extensions.swift */ = {isa = PBXFileReference; lastKnownFileType = sourcecode.swift; path = "UIImage+Extensions.swift"; sourceTree = "<group>"; };
		48673B3E26357B9B0015E035 /* ProfileViewController.swift */ = {isa = PBXFileReference; lastKnownFileType = sourcecode.swift; path = ProfileViewController.swift; sourceTree = "<group>"; };
		48673B3F26357B9B0015E035 /* ProfileViewController.xib */ = {isa = PBXFileReference; lastKnownFileType = file.xib; path = ProfileViewController.xib; sourceTree = "<group>"; };
		48673B4426357BBC0015E035 /* ProfileViewModel.swift */ = {isa = PBXFileReference; lastKnownFileType = sourcecode.swift; path = ProfileViewModel.swift; sourceTree = "<group>"; };
		48673B4726357F730015E035 /* WTCardStackView.swift */ = {isa = PBXFileReference; lastKnownFileType = sourcecode.swift; path = WTCardStackView.swift; sourceTree = "<group>"; };
		48673B672635F5560015E035 /* CreateRoomViewController.swift */ = {isa = PBXFileReference; lastKnownFileType = sourcecode.swift; path = CreateRoomViewController.swift; sourceTree = "<group>"; };
		48673B682635F5560015E035 /* CreateRoomViewController.xib */ = {isa = PBXFileReference; lastKnownFileType = file.xib; path = CreateRoomViewController.xib; sourceTree = "<group>"; };
		48673B6C2635F5630015E035 /* CreateRoomViewModel.swift */ = {isa = PBXFileReference; lastKnownFileType = sourcecode.swift; path = CreateRoomViewModel.swift; sourceTree = "<group>"; };
		48673B70263616A10015E035 /* RoomViewController.swift */ = {isa = PBXFileReference; lastKnownFileType = sourcecode.swift; path = RoomViewController.swift; sourceTree = "<group>"; };
		48673B71263616A10015E035 /* RoomViewController.xib */ = {isa = PBXFileReference; lastKnownFileType = file.xib; path = RoomViewController.xib; sourceTree = "<group>"; };
		48673B76263616BF0015E035 /* RoomViewModel.swift */ = {isa = PBXFileReference; lastKnownFileType = sourcecode.swift; path = RoomViewModel.swift; sourceTree = "<group>"; };
		48673B7C26361E610015E035 /* MyMessageTVC.swift */ = {isa = PBXFileReference; lastKnownFileType = sourcecode.swift; path = MyMessageTVC.swift; sourceTree = "<group>"; };
		48673B7D26361E610015E035 /* MyMessageTVC.xib */ = {isa = PBXFileReference; lastKnownFileType = file.xib; path = MyMessageTVC.xib; sourceTree = "<group>"; };
		4870CBA7262F394A006D0B62 /* WTTextField.swift */ = {isa = PBXFileReference; lastKnownFileType = sourcecode.swift; path = WTTextField.swift; sourceTree = "<group>"; };
		4870CBC2262F69D2006D0B62 /* WTButton.swift */ = {isa = PBXFileReference; lastKnownFileType = sourcecode.swift; path = WTButton.swift; sourceTree = "<group>"; };
		4870CBC5262F69F9006D0B62 /* BaseButton.swift */ = {isa = PBXFileReference; lastKnownFileType = sourcecode.swift; path = BaseButton.swift; sourceTree = "<group>"; };
		4870CBFD262F78A5006D0B62 /* AvatarCollectionViewCell.swift */ = {isa = PBXFileReference; lastKnownFileType = sourcecode.swift; path = AvatarCollectionViewCell.swift; sourceTree = "<group>"; };
		4870CBFE262F78A5006D0B62 /* AvatarCollectionViewCell.xib */ = {isa = PBXFileReference; lastKnownFileType = file.xib; path = AvatarCollectionViewCell.xib; sourceTree = "<group>"; };
		487D86CF26552AE6005E50AF /* RoomTypeSelectionView.swift */ = {isa = PBXFileReference; lastKnownFileType = sourcecode.swift; path = RoomTypeSelectionView.swift; sourceTree = "<group>"; };
		487D86D126552AEE005E50AF /* RoomTypeSelectionView.xib */ = {isa = PBXFileReference; lastKnownFileType = file.xib; path = RoomTypeSelectionView.xib; sourceTree = "<group>"; };
		48867E172645E295003F7139 /* DateFormatter+Extension.swift */ = {isa = PBXFileReference; lastKnownFileType = sourcecode.swift; path = "DateFormatter+Extension.swift"; sourceTree = "<group>"; };
		4892B46A265846F8009D8505 /* GradientView.swift */ = {isa = PBXFileReference; lastKnownFileType = sourcecode.swift; path = GradientView.swift; sourceTree = "<group>"; };
		48AD68CA268F0C0C00ADE5A3 /* GoogleService-Info.plist */ = {isa = PBXFileReference; fileEncoding = 4; lastKnownFileType = text.plist.xml; path = "GoogleService-Info.plist"; sourceTree = "<group>"; };
		48B59B572620B0E200321ECF /* WatchTogether.app */ = {isa = PBXFileReference; explicitFileType = wrapper.application; includeInIndex = 0; path = WatchTogether.app; sourceTree = BUILT_PRODUCTS_DIR; };
		48B59B5A2620B0E200321ECF /* AppDelegate.swift */ = {isa = PBXFileReference; lastKnownFileType = sourcecode.swift; path = AppDelegate.swift; sourceTree = "<group>"; };
		48B59B5C2620B0E200321ECF /* SceneDelegate.swift */ = {isa = PBXFileReference; lastKnownFileType = sourcecode.swift; path = SceneDelegate.swift; sourceTree = "<group>"; };
		48B59B632620B0E400321ECF /* Assets.xcassets */ = {isa = PBXFileReference; lastKnownFileType = folder.assetcatalog; path = Assets.xcassets; sourceTree = "<group>"; };
		48B59B662620B0E400321ECF /* Base */ = {isa = PBXFileReference; lastKnownFileType = file.storyboard; name = Base; path = Base.lproj/LaunchScreen.storyboard; sourceTree = "<group>"; };
		48B59B682620B0E400321ECF /* Info.plist */ = {isa = PBXFileReference; lastKnownFileType = text.plist.xml; path = Info.plist; sourceTree = "<group>"; };
		48B59B722620B27A00321ECF /* AppRouter.swift */ = {isa = PBXFileReference; lastKnownFileType = sourcecode.swift; path = AppRouter.swift; sourceTree = "<group>"; };
		48B59B762620B2A400321ECF /* TopViewControllerProvider.swift */ = {isa = PBXFileReference; lastKnownFileType = sourcecode.swift; path = TopViewControllerProvider.swift; sourceTree = "<group>"; };
		48B59B792620B36F00321ECF /* SceneFactory.swift */ = {isa = PBXFileReference; lastKnownFileType = sourcecode.swift; path = SceneFactory.swift; sourceTree = "<group>"; };
		48B59B7D2620B3CF00321ECF /* String+Extension.swift */ = {isa = PBXFileReference; lastKnownFileType = sourcecode.swift; path = "String+Extension.swift"; sourceTree = "<group>"; };
		48B59B872620BDB500321ECF /* FirebaseManager.swift */ = {isa = PBXFileReference; lastKnownFileType = sourcecode.swift; path = FirebaseManager.swift; sourceTree = "<group>"; };
		48DC821B26583F6F00340DB8 /* PlaylistViewModel.swift */ = {isa = PBXFileReference; lastKnownFileType = sourcecode.swift; path = PlaylistViewModel.swift; sourceTree = "<group>"; };
		48DC821E2658404900340DB8 /* PlaylistTVC.swift */ = {isa = PBXFileReference; lastKnownFileType = sourcecode.swift; path = PlaylistTVC.swift; sourceTree = "<group>"; };
		48DC821F2658404900340DB8 /* PlaylistTVC.xib */ = {isa = PBXFileReference; lastKnownFileType = file.xib; path = PlaylistTVC.xib; sourceTree = "<group>"; };
		48E0792F263CA3E30095C976 /* ForeignMessageTVC.swift */ = {isa = PBXFileReference; lastKnownFileType = sourcecode.swift; path = ForeignMessageTVC.swift; sourceTree = "<group>"; };
		48E07930263CA3E30095C976 /* ForeignMessageTVC.xib */ = {isa = PBXFileReference; lastKnownFileType = file.xib; path = ForeignMessageTVC.xib; sourceTree = "<group>"; };
		48EF832C262CA4800009F052 /* LoginViewModel.swift */ = {isa = PBXFileReference; lastKnownFileType = sourcecode.swift; path = LoginViewModel.swift; sourceTree = "<group>"; };
		48EF832F262CA5890009F052 /* RoomsViewModel.swift */ = {isa = PBXFileReference; lastKnownFileType = sourcecode.swift; path = RoomsViewModel.swift; sourceTree = "<group>"; };
		48FB0013263D573600343986 /* RoomTVC.swift */ = {isa = PBXFileReference; lastKnownFileType = sourcecode.swift; path = RoomTVC.swift; sourceTree = "<group>"; };
		48FB0014263D573600343986 /* RoomTVC.xib */ = {isa = PBXFileReference; lastKnownFileType = file.xib; path = RoomTVC.xib; sourceTree = "<group>"; };
		48FB0077263EC5E700343986 /* AvatarCVC.swift */ = {isa = PBXFileReference; lastKnownFileType = sourcecode.swift; path = AvatarCVC.swift; sourceTree = "<group>"; };
		48FB0078263EC5E700343986 /* AvatarCVC.xib */ = {isa = PBXFileReference; lastKnownFileType = file.xib; path = AvatarCVC.xib; sourceTree = "<group>"; };
		48FB007D263EC64A00343986 /* MoreUserCVC.swift */ = {isa = PBXFileReference; lastKnownFileType = sourcecode.swift; path = MoreUserCVC.swift; sourceTree = "<group>"; };
		48FB007E263EC64A00343986 /* MoreUserCVC.xib */ = {isa = PBXFileReference; lastKnownFileType = file.xib; path = MoreUserCVC.xib; sourceTree = "<group>"; };
		48FB0083263F158100343986 /* UsersViewController.swift */ = {isa = PBXFileReference; lastKnownFileType = sourcecode.swift; path = UsersViewController.swift; sourceTree = "<group>"; };
		48FB0084263F158100343986 /* UsersViewController.xib */ = {isa = PBXFileReference; lastKnownFileType = file.xib; path = UsersViewController.xib; sourceTree = "<group>"; };
		48FB008A263F16BE00343986 /* UsersTVC.swift */ = {isa = PBXFileReference; lastKnownFileType = sourcecode.swift; path = UsersTVC.swift; sourceTree = "<group>"; };
		48FB008B263F16BE00343986 /* UsersTVC.xib */ = {isa = PBXFileReference; lastKnownFileType = file.xib; path = UsersTVC.xib; sourceTree = "<group>"; };
		48FB00B3263F1AB700343986 /* UsersViewModel.swift */ = {isa = PBXFileReference; lastKnownFileType = sourcecode.swift; path = UsersViewModel.swift; sourceTree = "<group>"; };
		48FB00B6263F293500343986 /* VideoDetail.swift */ = {isa = PBXFileReference; lastKnownFileType = sourcecode.swift; path = VideoDetail.swift; sourceTree = "<group>"; };
		48FB00E1263F2A1400343986 /* NetworkAdapter.swift */ = {isa = PBXFileReference; lastKnownFileType = sourcecode.swift; path = NetworkAdapter.swift; sourceTree = "<group>"; };
		48FB00E5263F2A9B00343986 /* DataMapper.swift */ = {isa = PBXFileReference; lastKnownFileType = sourcecode.swift; path = DataMapper.swift; sourceTree = "<group>"; };
		48FB00E8263F2AEA00343986 /* YoutubeAPI.swift */ = {isa = PBXFileReference; lastKnownFileType = sourcecode.swift; path = YoutubeAPI.swift; sourceTree = "<group>"; };
		48FB00EB263F2C9E00343986 /* YoutubeServices.swift */ = {isa = PBXFileReference; lastKnownFileType = sourcecode.swift; path = YoutubeServices.swift; sourceTree = "<group>"; };
		48FB00EF263F2F5D00343986 /* PlaylistViewController.swift */ = {isa = PBXFileReference; lastKnownFileType = sourcecode.swift; path = PlaylistViewController.swift; sourceTree = "<group>"; };
		48FB00F0263F2F5D00343986 /* PlaylistViewController.xib */ = {isa = PBXFileReference; lastKnownFileType = file.xib; path = PlaylistViewController.xib; sourceTree = "<group>"; };
		48FB00F4263F324D00343986 /* CircleButton.swift */ = {isa = PBXFileReference; lastKnownFileType = sourcecode.swift; path = CircleButton.swift; sourceTree = "<group>"; };
		48FB00F7263F326C00343986 /* MessageTextField.swift */ = {isa = PBXFileReference; lastKnownFileType = sourcecode.swift; path = MessageTextField.swift; sourceTree = "<group>"; };
		48FB00FB263F331F00343986 /* SearchWebViewViewController.swift */ = {isa = PBXFileReference; lastKnownFileType = sourcecode.swift; path = SearchWebViewViewController.swift; sourceTree = "<group>"; };
		48FB00FC263F331F00343986 /* SearchWebViewViewController.xib */ = {isa = PBXFileReference; lastKnownFileType = file.xib; path = SearchWebViewViewController.xib; sourceTree = "<group>"; };
		4FCC0EC95102519A5FE36834 /* Pods-WatchTogether.release.xcconfig */ = {isa = PBXFileReference; includeInIndex = 1; lastKnownFileType = text.xcconfig; name = "Pods-WatchTogether.release.xcconfig"; path = "Target Support Files/Pods-WatchTogether/Pods-WatchTogether.release.xcconfig"; sourceTree = "<group>"; };
		B4A793D1CDCC2803B6EDB0C5 /* Pods-WatchTogether.debug.xcconfig */ = {isa = PBXFileReference; includeInIndex = 1; lastKnownFileType = text.xcconfig; name = "Pods-WatchTogether.debug.xcconfig"; path = "Target Support Files/Pods-WatchTogether/Pods-WatchTogether.debug.xcconfig"; sourceTree = "<group>"; };
/* End PBXFileReference section */

/* Begin PBXFrameworksBuildPhase section */
		48B59B542620B0E200321ECF /* Frameworks */ = {
			isa = PBXFrameworksBuildPhase;
			buildActionMask = 2147483647;
			files = (
				BC464B16CB4E27BE5D632052 /* Pods_WatchTogether.framework in Frameworks */,
			);
			runOnlyForDeploymentPostprocessing = 0;
		};
/* End PBXFrameworksBuildPhase section */

/* Begin PBXGroup section */
		48075CAE26242A49001B62A1 /* Network */ = {
			isa = PBXGroup;
			children = (
				48FB00B9263F296C00343986 /* API */,
				48075CB026242A5A001B62A1 /* Models */,
				48B59B862620BDA200321ECF /* Firebase */,
			);
			path = Network;
			sourceTree = "<group>";
		};
		48075CB026242A5A001B62A1 /* Models */ = {
			isa = PBXGroup;
			children = (
				48075CB226242A68001B62A1 /* WTUser.swift */,
				48075CB526242A92001B62A1 /* RegisterRequestModel.swift */,
			);
			path = Models;
			sourceTree = "<group>";
		};
		480C00A6262C8CCD00140E4F /* Auth */ = {
			isa = PBXGroup;
			children = (
				48673AAB2630A31F0015E035 /* PickAvatar */,
				480C00A8262C8CD600140E4F /* Register */,
				480C00A7262C8CD200140E4F /* Login */,
			);
			path = Auth;
			sourceTree = "<group>";
		};
		480C00A7262C8CD200140E4F /* Login */ = {
			isa = PBXGroup;
			children = (
				480C0122262CA20300140E4F /* LoginViewController.swift */,
				480C0123262CA20300140E4F /* LoginViewController.xib */,
				48EF832C262CA4800009F052 /* LoginViewModel.swift */,
			);
			path = Login;
			sourceTree = "<group>";
		};
		480C00A8262C8CD600140E4F /* Register */ = {
			isa = PBXGroup;
			children = (
				48673A8726309D1C0015E035 /* RegisterViewController.swift */,
				48673A8826309D1C0015E035 /* RegisterViewController.xib */,
				48673A8C26309D430015E035 /* RegisterViewModel.swift */,
			);
			path = Register;
			sourceTree = "<group>";
		};
		480C00A9262C8CEB00140E4F /* Splash */ = {
			isa = PBXGroup;
			children = (
				480C011A262C9D7E00140E4F /* SplashViewController.swift */,
				480C011B262C9D7E00140E4F /* SplashViewController.xib */,
				480C011F262C9DB400140E4F /* SplashViewModel.swift */,
			);
			path = Splash;
			sourceTree = "<group>";
		};
		480C00AA262C8D0300140E4F /* Base */ = {
			isa = PBXGroup;
			children = (
				480C00AB262C8D4D00140E4F /* BaseViewController.swift */,
				480C00AF262C8D8B00140E4F /* BaseViewModel.swift */,
				4870CBC5262F69F9006D0B62 /* BaseButton.swift */,
			);
			path = Base;
			sourceTree = "<group>";
		};
		480C00B2262C8E3000140E4F /* UIHelper */ = {
			isa = PBXGroup;
			children = (
				4870CB8B262F3901006D0B62 /* Reusable */,
				480C00AA262C8D0300140E4F /* Base */,
				480C00B3262C8E4600140E4F /* WTAlert.swift */,
				480C0117262C9D4F00140E4F /* WTViewController.swift */,
			);
			path = UIHelper;
			sourceTree = "<group>";
		};
		480C00E2262C90EB00140E4F /* Generated */ = {
			isa = PBXGroup;
			children = (
				480C00E3262C90EB00140E4F /* R.generated.swift */,
			);
			path = Generated;
			sourceTree = "<group>";
		};
		480C00E6262C913D00140E4F /* Font */ = {
			isa = PBXGroup;
			children = (
				480C00E7262C914800140E4F /* Kanit */,
			);
			path = Font;
			sourceTree = "<group>";
		};
		480C00E7262C914800140E4F /* Kanit */ = {
			isa = PBXGroup;
			children = (
				480C00E8262C914800140E4F /* Kanit-ExtraLight.ttf */,
				480C00E9262C914900140E4F /* Kanit-ThinItalic.ttf */,
				480C00EA262C914900140E4F /* Kanit-BoldItalic.ttf */,
				480C00EB262C914900140E4F /* Kanit-SemiBold.ttf */,
				480C00EC262C914900140E4F /* Kanit-Black.ttf */,
				480C00ED262C914900140E4F /* Kanit-Regular.ttf */,
				480C00EE262C914900140E4F /* Kanit-Italic.ttf */,
				480C00EF262C914900140E4F /* Kanit-MediumItalic.ttf */,
				480C00F0262C914900140E4F /* Kanit-Thin.ttf */,
				480C00F1262C914900140E4F /* Kanit-ExtraBoldItalic.ttf */,
				480C00F2262C914900140E4F /* Kanit-ExtraBold.ttf */,
				480C00F3262C914900140E4F /* Kanit-Bold.ttf */,
				480C00F4262C914900140E4F /* Kanit-SemiBoldItalic.ttf */,
				480C00F5262C914900140E4F /* OFL.txt */,
				480C00F6262C914900140E4F /* Kanit-BlackItalic.ttf */,
				480C00F7262C914900140E4F /* Kanit-Light.ttf */,
				480C00F8262C914900140E4F /* Kanit-LightItalic.ttf */,
				480C00F9262C914900140E4F /* Kanit-ExtraLightItalic.ttf */,
				480C00FA262C914900140E4F /* Kanit-Medium.ttf */,
			);
			path = Kanit;
			sourceTree = "<group>";
		};
		480C0110262C92FD00140E4F /* Test */ = {
			isa = PBXGroup;
			children = (
				480C0111262C930800140E4F /* TestViewController.swift */,
				480C0112262C930800140E4F /* TestViewController.xib */,
			);
			path = Test;
			sourceTree = "<group>";
		};
		480C0127262CA27300140E4F /* MainTabBar */ = {
			isa = PBXGroup;
			children = (
				48673B3D26357B8B0015E035 /* Profile */,
				48673B3C26357B840015E035 /* CreateRoom */,
				480C0131262CA31100140E4F /* Rooms */,
				480C0128262CA2CD00140E4F /* MainTabBarController.swift */,
			);
			path = MainTabBar;
			sourceTree = "<group>";
		};
		480C0131262CA31100140E4F /* Rooms */ = {
			isa = PBXGroup;
			children = (
				4836C16026594C3D00C3593A /* EnterPasswordVC */,
				48FB0012263D572000343986 /* Cell */,
				480C012C262CA30D00140E4F /* RoomsViewController.swift */,
				480C012D262CA30D00140E4F /* RoomsViewController.xib */,
				48EF832F262CA5890009F052 /* RoomsViewModel.swift */,
			);
			path = Rooms;
			sourceTree = "<group>";
		};
		4836C16026594C3D00C3593A /* EnterPasswordVC */ = {
			isa = PBXGroup;
			children = (
				4836C16126594C5B00C3593A /* EnterPasswordViewController.swift */,
				4836C16226594C5B00C3593A /* EnterPasswordViewController.xib */,
			);
			path = EnterPasswordVC;
			sourceTree = "<group>";
		};
		48673AAB2630A31F0015E035 /* PickAvatar */ = {
			isa = PBXGroup;
			children = (
				48673B4A2635A6CD0015E035 /* Cell */,
				48673AAC2630A3330015E035 /* PickAvatarViewController.swift */,
				48673AAD2630A3330015E035 /* PickAvatarViewController.xib */,
			);
			path = PickAvatar;
			sourceTree = "<group>";
		};
		48673B3C26357B840015E035 /* CreateRoom */ = {
			isa = PBXGroup;
			children = (
				48673B672635F5560015E035 /* CreateRoomViewController.swift */,
				48673B682635F5560015E035 /* CreateRoomViewController.xib */,
				48673B6C2635F5630015E035 /* CreateRoomViewModel.swift */,
			);
			path = CreateRoom;
			sourceTree = "<group>";
		};
		48673B3D26357B8B0015E035 /* Profile */ = {
			isa = PBXGroup;
			children = (
				48673B3E26357B9B0015E035 /* ProfileViewController.swift */,
				48673B3F26357B9B0015E035 /* ProfileViewController.xib */,
				48673B4426357BBC0015E035 /* ProfileViewModel.swift */,
			);
			path = Profile;
			sourceTree = "<group>";
		};
		48673B4A2635A6CD0015E035 /* Cell */ = {
			isa = PBXGroup;
			children = (
				4870CBFD262F78A5006D0B62 /* AvatarCollectionViewCell.swift */,
				4870CBFE262F78A5006D0B62 /* AvatarCollectionViewCell.xib */,
			);
			path = Cell;
			sourceTree = "<group>";
		};
		48673B6F263616920015E035 /* Room */ = {
			isa = PBXGroup;
			children = (
				48FB00FA263F330400343986 /* SearchWebView */,
				48FB00EE263F2F3B00343986 /* PlaylistVC */,
				48FB0082263F156D00343986 /* UsersVC */,
				48673B7926361E350015E035 /* Cell */,
				48673B70263616A10015E035 /* RoomViewController.swift */,
				48673B71263616A10015E035 /* RoomViewController.xib */,
				48673B76263616BF0015E035 /* RoomViewModel.swift */,
			);
			path = Room;
			sourceTree = "<group>";
		};
		48673B7926361E350015E035 /* Cell */ = {
			isa = PBXGroup;
			children = (
				48FB0076263EC5CA00343986 /* MoreUserCVC */,
				48FB0075263EC5C000343986 /* AvatarCVC */,
				48673B7B26361E480015E035 /* ForeignMessageTVC */,
				48673B7A26361E390015E035 /* MyMessageTVC */,
			);
			path = Cell;
			sourceTree = "<group>";
		};
		48673B7A26361E390015E035 /* MyMessageTVC */ = {
			isa = PBXGroup;
			children = (
				48673B7C26361E610015E035 /* MyMessageTVC.swift */,
				48673B7D26361E610015E035 /* MyMessageTVC.xib */,
			);
			path = MyMessageTVC;
			sourceTree = "<group>";
		};
		48673B7B26361E480015E035 /* ForeignMessageTVC */ = {
			isa = PBXGroup;
			children = (
				48E0792F263CA3E30095C976 /* ForeignMessageTVC.swift */,
				48E07930263CA3E30095C976 /* ForeignMessageTVC.xib */,
			);
			path = ForeignMessageTVC;
			sourceTree = "<group>";
		};
		4870CB8B262F3901006D0B62 /* Reusable */ = {
			isa = PBXGroup;
			children = (
				487D86CE26552AD1005E50AF /* RoomTypeSelectionView */,
				4870CBA7262F394A006D0B62 /* WTTextField.swift */,
				4870CBC2262F69D2006D0B62 /* WTButton.swift */,
				48673B4726357F730015E035 /* WTCardStackView.swift */,
				48FB00F4263F324D00343986 /* CircleButton.swift */,
				48FB00F7263F326C00343986 /* MessageTextField.swift */,
				4892B46A265846F8009D8505 /* GradientView.swift */,
			);
			path = Reusable;
			sourceTree = "<group>";
		};
		487D86CE26552AD1005E50AF /* RoomTypeSelectionView */ = {
			isa = PBXGroup;
			children = (
				487D86CF26552AE6005E50AF /* RoomTypeSelectionView.swift */,
				487D86D126552AEE005E50AF /* RoomTypeSelectionView.xib */,
			);
			path = RoomTypeSelectionView;
			sourceTree = "<group>";
		};
		48B59B4E2620B0E200321ECF = {
			isa = PBXGroup;
			children = (
				48B59B592620B0E200321ECF /* WatchTogether */,
				48B59B582620B0E200321ECF /* Products */,
				B981D424C52B77E3604E9CBA /* Pods */,
				C0F20C8A4DCB25227E2DD442 /* Frameworks */,
			);
			sourceTree = "<group>";
		};
		48B59B582620B0E200321ECF /* Products */ = {
			isa = PBXGroup;
			children = (
				48B59B572620B0E200321ECF /* WatchTogether.app */,
			);
			name = Products;
			sourceTree = "<group>";
		};
		48B59B592620B0E200321ECF /* WatchTogether */ = {
			isa = PBXGroup;
			children = (
				480C00E2262C90EB00140E4F /* Generated */,
				480C00B2262C8E3000140E4F /* UIHelper */,
				48075CAE26242A49001B62A1 /* Network */,
				48B59B852620BD9D00321ECF /* Managers */,
				48B59B822620BA1600321ECF /* Resources */,
				48B59B812620B9FD00321ECF /* Scenes */,
				48B59B7C2620B3BA00321ECF /* Extensions */,
				48B59B712620B26A00321ECF /* Helpers */,
				48B59B5A2620B0E200321ECF /* AppDelegate.swift */,
				48B59B5C2620B0E200321ECF /* SceneDelegate.swift */,
			);
			path = WatchTogether;
			sourceTree = "<group>";
		};
		48B59B712620B26A00321ECF /* Helpers */ = {
			isa = PBXGroup;
			children = (
				48B59B722620B27A00321ECF /* AppRouter.swift */,
				48B59B762620B2A400321ECF /* TopViewControllerProvider.swift */,
				48B59B792620B36F00321ECF /* SceneFactory.swift */,
				48075CB926242AC0001B62A1 /* PresentableError.swift */,
			);
			path = Helpers;
			sourceTree = "<group>";
		};
		48B59B7C2620B3BA00321ECF /* Extensions */ = {
			isa = PBXGroup;
			children = (
				48B59B7D2620B3CF00321ECF /* String+Extension.swift */,
				48075CBD26242AE1001B62A1 /* Error+Extension.swift */,
				48673B39263318880015E035 /* UIImage+Extensions.swift */,
				48867E172645E295003F7139 /* DateFormatter+Extension.swift */,
			);
			path = Extensions;
			sourceTree = "<group>";
		};
		48B59B812620B9FD00321ECF /* Scenes */ = {
			isa = PBXGroup;
			children = (
				48673B6F263616920015E035 /* Room */,
				480C0127262CA27300140E4F /* MainTabBar */,
				480C0110262C92FD00140E4F /* Test */,
				480C00A9262C8CEB00140E4F /* Splash */,
				480C00A6262C8CCD00140E4F /* Auth */,
			);
			path = Scenes;
			sourceTree = "<group>";
		};
		48B59B822620BA1600321ECF /* Resources */ = {
			isa = PBXGroup;
			children = (
				480C00E6262C913D00140E4F /* Font */,
				48B59B652620B0E400321ECF /* LaunchScreen.storyboard */,
				48B59B632620B0E400321ECF /* Assets.xcassets */,
				48AD68CA268F0C0C00ADE5A3 /* GoogleService-Info.plist */,
				48B59B682620B0E400321ECF /* Info.plist */,
				48673B35263317DD0015E035 /* AppConstants.swift */,
			);
			path = Resources;
			sourceTree = "<group>";
		};
		48B59B852620BD9D00321ECF /* Managers */ = {
			isa = PBXGroup;
			children = (
				484A2A402620E233006C14BB /* WTSessionManager.swift */,
			);
			path = Managers;
			sourceTree = "<group>";
		};
		48B59B862620BDA200321ECF /* Firebase */ = {
			isa = PBXGroup;
			children = (
				48B59B872620BDB500321ECF /* FirebaseManager.swift */,
			);
			path = Firebase;
			sourceTree = "<group>";
		};
		48DC821D2658403700340DB8 /* Cell */ = {
			isa = PBXGroup;
			children = (
				48DC821E2658404900340DB8 /* PlaylistTVC.swift */,
				48DC821F2658404900340DB8 /* PlaylistTVC.xib */,
			);
			path = Cell;
			sourceTree = "<group>";
		};
		48FB0012263D572000343986 /* Cell */ = {
			isa = PBXGroup;
			children = (
				48FB0013263D573600343986 /* RoomTVC.swift */,
				48FB0014263D573600343986 /* RoomTVC.xib */,
			);
			path = Cell;
			sourceTree = "<group>";
		};
		48FB0075263EC5C000343986 /* AvatarCVC */ = {
			isa = PBXGroup;
			children = (
				48FB0077263EC5E700343986 /* AvatarCVC.swift */,
				48FB0078263EC5E700343986 /* AvatarCVC.xib */,
			);
			path = AvatarCVC;
			sourceTree = "<group>";
		};
		48FB0076263EC5CA00343986 /* MoreUserCVC */ = {
			isa = PBXGroup;
			children = (
				48FB007D263EC64A00343986 /* MoreUserCVC.swift */,
				48FB007E263EC64A00343986 /* MoreUserCVC.xib */,
			);
			path = MoreUserCVC;
			sourceTree = "<group>";
		};
		48FB0082263F156D00343986 /* UsersVC */ = {
			isa = PBXGroup;
			children = (
				48FB0089263F16A600343986 /* Cell */,
				48FB0083263F158100343986 /* UsersViewController.swift */,
				48FB0084263F158100343986 /* UsersViewController.xib */,
				48FB00B3263F1AB700343986 /* UsersViewModel.swift */,
			);
			path = UsersVC;
			sourceTree = "<group>";
		};
		48FB0089263F16A600343986 /* Cell */ = {
			isa = PBXGroup;
			children = (
				48FB008A263F16BE00343986 /* UsersTVC.swift */,
				48FB008B263F16BE00343986 /* UsersTVC.xib */,
			);
			path = Cell;
			sourceTree = "<group>";
		};
		48FB00B9263F296C00343986 /* API */ = {
			isa = PBXGroup;
			children = (
				48FB00E0263F2A0400343986 /* Services */,
				48FB00DF263F29FE00343986 /* Targets */,
				48FB00DE263F29F900343986 /* Models */,
				48FB00DD263F29F500343986 /* Mapper */,
				48FB00DC263F29EB00343986 /* Adapter */,
			);
			path = API;
			sourceTree = "<group>";
		};
		48FB00DC263F29EB00343986 /* Adapter */ = {
			isa = PBXGroup;
			children = (
				48FB00E1263F2A1400343986 /* NetworkAdapter.swift */,
			);
			path = Adapter;
			sourceTree = "<group>";
		};
		48FB00DD263F29F500343986 /* Mapper */ = {
			isa = PBXGroup;
			children = (
				48FB00E5263F2A9B00343986 /* DataMapper.swift */,
			);
			path = Mapper;
			sourceTree = "<group>";
		};
		48FB00DE263F29F900343986 /* Models */ = {
			isa = PBXGroup;
			children = (
				48FB00B6263F293500343986 /* VideoDetail.swift */,
			);
			path = Models;
			sourceTree = "<group>";
		};
		48FB00DF263F29FE00343986 /* Targets */ = {
			isa = PBXGroup;
			children = (
				48FB00E8263F2AEA00343986 /* YoutubeAPI.swift */,
			);
			path = Targets;
			sourceTree = "<group>";
		};
		48FB00E0263F2A0400343986 /* Services */ = {
			isa = PBXGroup;
			children = (
				48FB00EB263F2C9E00343986 /* YoutubeServices.swift */,
			);
			path = Services;
			sourceTree = "<group>";
		};
		48FB00EE263F2F3B00343986 /* PlaylistVC */ = {
			isa = PBXGroup;
			children = (
				48DC821D2658403700340DB8 /* Cell */,
				48FB00EF263F2F5D00343986 /* PlaylistViewController.swift */,
				48FB00F0263F2F5D00343986 /* PlaylistViewController.xib */,
				48DC821B26583F6F00340DB8 /* PlaylistViewModel.swift */,
			);
			path = PlaylistVC;
			sourceTree = "<group>";
		};
		48FB00FA263F330400343986 /* SearchWebView */ = {
			isa = PBXGroup;
			children = (
				48FB00FB263F331F00343986 /* SearchWebViewViewController.swift */,
				48FB00FC263F331F00343986 /* SearchWebViewViewController.xib */,
			);
			path = SearchWebView;
			sourceTree = "<group>";
		};
		B981D424C52B77E3604E9CBA /* Pods */ = {
			isa = PBXGroup;
			children = (
				B4A793D1CDCC2803B6EDB0C5 /* Pods-WatchTogether.debug.xcconfig */,
				4FCC0EC95102519A5FE36834 /* Pods-WatchTogether.release.xcconfig */,
			);
			path = Pods;
			sourceTree = "<group>";
		};
		C0F20C8A4DCB25227E2DD442 /* Frameworks */ = {
			isa = PBXGroup;
			children = (
				348F2AAED0F966E53AC46CDE /* Pods_WatchTogether.framework */,
			);
			name = Frameworks;
			sourceTree = "<group>";
		};
/* End PBXGroup section */

/* Begin PBXNativeTarget section */
		48B59B562620B0E200321ECF /* WatchTogether */ = {
			isa = PBXNativeTarget;
			buildConfigurationList = 48B59B6B2620B0E400321ECF /* Build configuration list for PBXNativeTarget "WatchTogether" */;
			buildPhases = (
				EA3CC4239E82A7CBA2DFBFA8 /* [CP] Check Pods Manifest.lock */,
				480C00DF262C8F5500140E4F /* R */,
				48B59B532620B0E200321ECF /* Sources */,
				48B59B542620B0E200321ECF /* Frameworks */,
				48B59B552620B0E200321ECF /* Resources */,
				A477BF1E81F5ECC7EA90BC4C /* [CP] Embed Pods Frameworks */,
			);
			buildRules = (
			);
			dependencies = (
			);
			name = WatchTogether;
			productName = WatchTogether;
			productReference = 48B59B572620B0E200321ECF /* WatchTogether.app */;
			productType = "com.apple.product-type.application";
		};
/* End PBXNativeTarget section */

/* Begin PBXProject section */
		48B59B4F2620B0E200321ECF /* Project object */ = {
			isa = PBXProject;
			attributes = {
				LastSwiftUpdateCheck = 1230;
				LastUpgradeCheck = 1230;
				TargetAttributes = {
					48B59B562620B0E200321ECF = {
						CreatedOnToolsVersion = 12.3;
					};
				};
			};
			buildConfigurationList = 48B59B522620B0E200321ECF /* Build configuration list for PBXProject "WatchTogether" */;
			compatibilityVersion = "Xcode 9.3";
			developmentRegion = en;
			hasScannedForEncodings = 0;
			knownRegions = (
				en,
				Base,
			);
			mainGroup = 48B59B4E2620B0E200321ECF;
			productRefGroup = 48B59B582620B0E200321ECF /* Products */;
			projectDirPath = "";
			projectRoot = "";
			targets = (
				48B59B562620B0E200321ECF /* WatchTogether */,
			);
		};
/* End PBXProject section */

/* Begin PBXResourcesBuildPhase section */
		48B59B552620B0E200321ECF /* Resources */ = {
			isa = PBXResourcesBuildPhase;
			buildActionMask = 2147483647;
			files = (
				480C0108262C914900140E4F /* OFL.txt in Resources */,
				48FB007A263EC5E700343986 /* AvatarCVC.xib in Resources */,
				480C010C262C914900140E4F /* Kanit-ExtraLightItalic.ttf in Resources */,
				480C0102262C914900140E4F /* Kanit-MediumItalic.ttf in Resources */,
				48FB00F2263F2F5E00343986 /* PlaylistViewController.xib in Resources */,
				48673B73263616A10015E035 /* RoomViewController.xib in Resources */,
				480C00FB262C914900140E4F /* Kanit-ExtraLight.ttf in Resources */,
				480C010B262C914900140E4F /* Kanit-LightItalic.ttf in Resources */,
				480C00FC262C914900140E4F /* Kanit-ThinItalic.ttf in Resources */,
				48FB008D263F16BE00343986 /* UsersTVC.xib in Resources */,
				480C0100262C914900140E4F /* Kanit-Regular.ttf in Resources */,
				48B59B672620B0E400321ECF /* LaunchScreen.storyboard in Resources */,
				48673B7F26361E610015E035 /* MyMessageTVC.xib in Resources */,
				480C0103262C914900140E4F /* Kanit-Thin.ttf in Resources */,
				480C0114262C930800140E4F /* TestViewController.xib in Resources */,
				480C010D262C914900140E4F /* Kanit-Medium.ttf in Resources */,
				480C0105262C914900140E4F /* Kanit-ExtraBold.ttf in Resources */,
				480C00FD262C914900140E4F /* Kanit-BoldItalic.ttf in Resources */,
				480C0104262C914900140E4F /* Kanit-ExtraBoldItalic.ttf in Resources */,
				480C00FF262C914900140E4F /* Kanit-Black.ttf in Resources */,
				480C0125262CA20300140E4F /* LoginViewController.xib in Resources */,
				48FB0086263F158100343986 /* UsersViewController.xib in Resources */,
				480C00FE262C914900140E4F /* Kanit-SemiBold.ttf in Resources */,
				480C012F262CA30D00140E4F /* RoomsViewController.xib in Resources */,
				48673B6A2635F5560015E035 /* CreateRoomViewController.xib in Resources */,
				48DC82212658404900340DB8 /* PlaylistTVC.xib in Resources */,
				48673B4126357B9B0015E035 /* ProfileViewController.xib in Resources */,
				48FB0016263D573600343986 /* RoomTVC.xib in Resources */,
				480C0106262C914900140E4F /* Kanit-Bold.ttf in Resources */,
				480C0109262C914900140E4F /* Kanit-BlackItalic.ttf in Resources */,
				480C011D262C9D7E00140E4F /* SplashViewController.xib in Resources */,
				48FB00FE263F331F00343986 /* SearchWebViewViewController.xib in Resources */,
				487D86D226552AEE005E50AF /* RoomTypeSelectionView.xib in Resources */,
				480C010A262C914900140E4F /* Kanit-Light.ttf in Resources */,
				48673A8A26309D1C0015E035 /* RegisterViewController.xib in Resources */,
				480C0107262C914900140E4F /* Kanit-SemiBoldItalic.ttf in Resources */,
				480C0101262C914900140E4F /* Kanit-Italic.ttf in Resources */,
				48E07932263CA3E30095C976 /* ForeignMessageTVC.xib in Resources */,
				48673AAF2630A3330015E035 /* PickAvatarViewController.xib in Resources */,
				4836C16426594C5B00C3593A /* EnterPasswordViewController.xib in Resources */,
				48B59B642620B0E400321ECF /* Assets.xcassets in Resources */,
				48AD68CB268F0C0C00ADE5A3 /* GoogleService-Info.plist in Resources */,
				4870CC00262F78A5006D0B62 /* AvatarCollectionViewCell.xib in Resources */,
				48FB0080263EC64A00343986 /* MoreUserCVC.xib in Resources */,
			);
			runOnlyForDeploymentPostprocessing = 0;
		};
/* End PBXResourcesBuildPhase section */

/* Begin PBXShellScriptBuildPhase section */
		480C00DF262C8F5500140E4F /* R */ = {
			isa = PBXShellScriptBuildPhase;
			buildActionMask = 2147483647;
			files = (
			);
			inputFileListPaths = (
			);
			inputPaths = (
				"$TEMP_DIR/rswift-lastrun",
			);
			name = R;
			outputFileListPaths = (
			);
			outputPaths = (
				$SRCROOT/WatchTogether/Generated/R.generated.swift,
			);
			runOnlyForDeploymentPostprocessing = 0;
			shellPath = /bin/sh;
			shellScript = "\"$PODS_ROOT/R.swift/rswift\" generate --generators image,color,font \"$SRCROOT/WatchTogether/Generated/R.generated.swift\"\n";
		};
		A477BF1E81F5ECC7EA90BC4C /* [CP] Embed Pods Frameworks */ = {
			isa = PBXShellScriptBuildPhase;
			buildActionMask = 2147483647;
			files = (
			);
			inputFileListPaths = (
				"${PODS_ROOT}/Target Support Files/Pods-WatchTogether/Pods-WatchTogether-frameworks-${CONFIGURATION}-input-files.xcfilelist",
			);
			name = "[CP] Embed Pods Frameworks";
			outputFileListPaths = (
				"${PODS_ROOT}/Target Support Files/Pods-WatchTogether/Pods-WatchTogether-frameworks-${CONFIGURATION}-output-files.xcfilelist",
			);
			runOnlyForDeploymentPostprocessing = 0;
			shellPath = /bin/sh;
			shellScript = "\"${PODS_ROOT}/Target Support Files/Pods-WatchTogether/Pods-WatchTogether-frameworks.sh\"\n";
			showEnvVarsInLog = 0;
		};
		EA3CC4239E82A7CBA2DFBFA8 /* [CP] Check Pods Manifest.lock */ = {
			isa = PBXShellScriptBuildPhase;
			buildActionMask = 2147483647;
			files = (
			);
			inputFileListPaths = (
			);
			inputPaths = (
				"${PODS_PODFILE_DIR_PATH}/Podfile.lock",
				"${PODS_ROOT}/Manifest.lock",
			);
			name = "[CP] Check Pods Manifest.lock";
			outputFileListPaths = (
			);
			outputPaths = (
				"$(DERIVED_FILE_DIR)/Pods-WatchTogether-checkManifestLockResult.txt",
			);
			runOnlyForDeploymentPostprocessing = 0;
			shellPath = /bin/sh;
			shellScript = "diff \"${PODS_PODFILE_DIR_PATH}/Podfile.lock\" \"${PODS_ROOT}/Manifest.lock\" > /dev/null\nif [ $? != 0 ] ; then\n    # print error to STDERR\n    echo \"error: The sandbox is not in sync with the Podfile.lock. Run 'pod install' or update your CocoaPods installation.\" >&2\n    exit 1\nfi\n# This output is used by Xcode 'outputs' to avoid re-running this script phase.\necho \"SUCCESS\" > \"${SCRIPT_OUTPUT_FILE_0}\"\n";
			showEnvVarsInLog = 0;
		};
/* End PBXShellScriptBuildPhase section */

/* Begin PBXSourcesBuildPhase section */
		48B59B532620B0E200321ECF /* Sources */ = {
			isa = PBXSourcesBuildPhase;
			buildActionMask = 2147483647;
			files = (
				48E07931263CA3E30095C976 /* ForeignMessageTVC.swift in Sources */,
				480C0124262CA20300140E4F /* LoginViewController.swift in Sources */,
				480C00AC262C8D4D00140E4F /* BaseViewController.swift in Sources */,
				4870CBA8262F394A006D0B62 /* WTTextField.swift in Sources */,
				480C0129262CA2CD00140E4F /* MainTabBarController.swift in Sources */,
				48673B77263616BF0015E035 /* RoomViewModel.swift in Sources */,
				48FB00FD263F331F00343986 /* SearchWebViewViewController.swift in Sources */,
				480C00B4262C8E4600140E4F /* WTAlert.swift in Sources */,
				48673B692635F5560015E035 /* CreateRoomViewController.swift in Sources */,
				48FB008C263F16BE00343986 /* UsersTVC.swift in Sources */,
				480C0113262C930800140E4F /* TestViewController.swift in Sources */,
				48B59B732620B27A00321ECF /* AppRouter.swift in Sources */,
				48B59B7E2620B3CF00321ECF /* String+Extension.swift in Sources */,
				48FB00E2263F2A1400343986 /* NetworkAdapter.swift in Sources */,
				4870CBFF262F78A5006D0B62 /* AvatarCollectionViewCell.swift in Sources */,
				480C00B0262C8D8B00140E4F /* BaseViewModel.swift in Sources */,
				48B59B7A2620B36F00321ECF /* SceneFactory.swift in Sources */,
				48FB00E9263F2AEA00343986 /* YoutubeAPI.swift in Sources */,
				4870CBC6262F69F9006D0B62 /* BaseButton.swift in Sources */,
				48075CBA26242AC0001B62A1 /* PresentableError.swift in Sources */,
				480C012E262CA30D00140E4F /* RoomsViewController.swift in Sources */,
				48B59B882620BDB500321ECF /* FirebaseManager.swift in Sources */,
				480C0118262C9D4F00140E4F /* WTViewController.swift in Sources */,
				48B59B5B2620B0E200321ECF /* AppDelegate.swift in Sources */,
				48673B6D2635F5630015E035 /* CreateRoomViewModel.swift in Sources */,
				48673A8D26309D430015E035 /* RegisterViewModel.swift in Sources */,
				48075CB326242A68001B62A1 /* WTUser.swift in Sources */,
				48B59B772620B2A400321ECF /* TopViewControllerProvider.swift in Sources */,
				48FB00E6263F2A9B00343986 /* DataMapper.swift in Sources */,
				480C00E4262C90EB00140E4F /* R.generated.swift in Sources */,
				487D86D026552AE6005E50AF /* RoomTypeSelectionView.swift in Sources */,
				48673B72263616A10015E035 /* RoomViewController.swift in Sources */,
				480C011C262C9D7E00140E4F /* SplashViewController.swift in Sources */,
				48673A8926309D1C0015E035 /* RegisterViewController.swift in Sources */,
				480C0120262C9DB400140E4F /* SplashViewModel.swift in Sources */,
				4870CBC3262F69D2006D0B62 /* WTButton.swift in Sources */,
				4836C16326594C5B00C3593A /* EnterPasswordViewController.swift in Sources */,
				48673B36263317DD0015E035 /* AppConstants.swift in Sources */,
				48FB00F5263F324D00343986 /* CircleButton.swift in Sources */,
				48075CB626242A92001B62A1 /* RegisterRequestModel.swift in Sources */,
				48EF832D262CA4800009F052 /* LoginViewModel.swift in Sources */,
				48075CBE26242AE1001B62A1 /* Error+Extension.swift in Sources */,
				484A2A412620E233006C14BB /* WTSessionManager.swift in Sources */,
				48FB00B7263F293500343986 /* VideoDetail.swift in Sources */,
				48FB0079263EC5E700343986 /* AvatarCVC.swift in Sources */,
				48FB00F8263F326C00343986 /* MessageTextField.swift in Sources */,
				48DC821C26583F6F00340DB8 /* PlaylistViewModel.swift in Sources */,
				48673B4526357BBC0015E035 /* ProfileViewModel.swift in Sources */,
				48673B4826357F730015E035 /* WTCardStackView.swift in Sources */,
				48B59B5D2620B0E200321ECF /* SceneDelegate.swift in Sources */,
				48FB0085263F158100343986 /* UsersViewController.swift in Sources */,
				48867E182645E295003F7139 /* DateFormatter+Extension.swift in Sources */,
				48FB0015263D573600343986 /* RoomTVC.swift in Sources */,
				48FB007F263EC64A00343986 /* MoreUserCVC.swift in Sources */,
				4892B46B265846F8009D8505 /* GradientView.swift in Sources */,
				48FB00B4263F1AB700343986 /* UsersViewModel.swift in Sources */,
				48673B3A263318880015E035 /* UIImage+Extensions.swift in Sources */,
				48673B4026357B9B0015E035 /* ProfileViewController.swift in Sources */,
				48673B7E26361E610015E035 /* MyMessageTVC.swift in Sources */,
				48FB00F1263F2F5D00343986 /* PlaylistViewController.swift in Sources */,
				48FB00EC263F2C9E00343986 /* YoutubeServices.swift in Sources */,
				48673AAE2630A3330015E035 /* PickAvatarViewController.swift in Sources */,
				48EF8330262CA5890009F052 /* RoomsViewModel.swift in Sources */,
				48DC82202658404900340DB8 /* PlaylistTVC.swift in Sources */,
			);
			runOnlyForDeploymentPostprocessing = 0;
		};
/* End PBXSourcesBuildPhase section */

/* Begin PBXVariantGroup section */
		48B59B652620B0E400321ECF /* LaunchScreen.storyboard */ = {
			isa = PBXVariantGroup;
			children = (
				48B59B662620B0E400321ECF /* Base */,
			);
			name = LaunchScreen.storyboard;
			sourceTree = "<group>";
		};
/* End PBXVariantGroup section */

/* Begin XCBuildConfiguration section */
		48B59B692620B0E400321ECF /* Debug */ = {
			isa = XCBuildConfiguration;
			buildSettings = {
				ALWAYS_SEARCH_USER_PATHS = NO;
				CLANG_ANALYZER_NONNULL = YES;
				CLANG_ANALYZER_NUMBER_OBJECT_CONVERSION = YES_AGGRESSIVE;
				CLANG_CXX_LANGUAGE_STANDARD = "gnu++14";
				CLANG_CXX_LIBRARY = "libc++";
				CLANG_ENABLE_MODULES = YES;
				CLANG_ENABLE_OBJC_ARC = YES;
				CLANG_ENABLE_OBJC_WEAK = YES;
				CLANG_WARN_BLOCK_CAPTURE_AUTORELEASING = YES;
				CLANG_WARN_BOOL_CONVERSION = YES;
				CLANG_WARN_COMMA = YES;
				CLANG_WARN_CONSTANT_CONVERSION = YES;
				CLANG_WARN_DEPRECATED_OBJC_IMPLEMENTATIONS = YES;
				CLANG_WARN_DIRECT_OBJC_ISA_USAGE = YES_ERROR;
				CLANG_WARN_DOCUMENTATION_COMMENTS = YES;
				CLANG_WARN_EMPTY_BODY = YES;
				CLANG_WARN_ENUM_CONVERSION = YES;
				CLANG_WARN_INFINITE_RECURSION = YES;
				CLANG_WARN_INT_CONVERSION = YES;
				CLANG_WARN_NON_LITERAL_NULL_CONVERSION = YES;
				CLANG_WARN_OBJC_IMPLICIT_RETAIN_SELF = YES;
				CLANG_WARN_OBJC_LITERAL_CONVERSION = YES;
				CLANG_WARN_OBJC_ROOT_CLASS = YES_ERROR;
				CLANG_WARN_QUOTED_INCLUDE_IN_FRAMEWORK_HEADER = YES;
				CLANG_WARN_RANGE_LOOP_ANALYSIS = YES;
				CLANG_WARN_STRICT_PROTOTYPES = YES;
				CLANG_WARN_SUSPICIOUS_MOVE = YES;
				CLANG_WARN_UNGUARDED_AVAILABILITY = YES_AGGRESSIVE;
				CLANG_WARN_UNREACHABLE_CODE = YES;
				CLANG_WARN__DUPLICATE_METHOD_MATCH = YES;
				COPY_PHASE_STRIP = NO;
				DEBUG_INFORMATION_FORMAT = dwarf;
				ENABLE_STRICT_OBJC_MSGSEND = YES;
				ENABLE_TESTABILITY = YES;
				GCC_C_LANGUAGE_STANDARD = gnu11;
				GCC_DYNAMIC_NO_PIC = NO;
				GCC_NO_COMMON_BLOCKS = YES;
				GCC_OPTIMIZATION_LEVEL = 0;
				GCC_PREPROCESSOR_DEFINITIONS = (
					"DEBUG=1",
					"$(inherited)",
				);
				GCC_WARN_64_TO_32_BIT_CONVERSION = YES;
				GCC_WARN_ABOUT_RETURN_TYPE = YES_ERROR;
				GCC_WARN_UNDECLARED_SELECTOR = YES;
				GCC_WARN_UNINITIALIZED_AUTOS = YES_AGGRESSIVE;
				GCC_WARN_UNUSED_FUNCTION = YES;
				GCC_WARN_UNUSED_VARIABLE = YES;
				IPHONEOS_DEPLOYMENT_TARGET = 14.3;
				MTL_ENABLE_DEBUG_INFO = INCLUDE_SOURCE;
				MTL_FAST_MATH = YES;
				ONLY_ACTIVE_ARCH = YES;
				SDKROOT = iphoneos;
				SWIFT_ACTIVE_COMPILATION_CONDITIONS = DEBUG;
				SWIFT_OPTIMIZATION_LEVEL = "-Onone";
			};
			name = Debug;
		};
		48B59B6A2620B0E400321ECF /* Release */ = {
			isa = XCBuildConfiguration;
			buildSettings = {
				ALWAYS_SEARCH_USER_PATHS = NO;
				CLANG_ANALYZER_NONNULL = YES;
				CLANG_ANALYZER_NUMBER_OBJECT_CONVERSION = YES_AGGRESSIVE;
				CLANG_CXX_LANGUAGE_STANDARD = "gnu++14";
				CLANG_CXX_LIBRARY = "libc++";
				CLANG_ENABLE_MODULES = YES;
				CLANG_ENABLE_OBJC_ARC = YES;
				CLANG_ENABLE_OBJC_WEAK = YES;
				CLANG_WARN_BLOCK_CAPTURE_AUTORELEASING = YES;
				CLANG_WARN_BOOL_CONVERSION = YES;
				CLANG_WARN_COMMA = YES;
				CLANG_WARN_CONSTANT_CONVERSION = YES;
				CLANG_WARN_DEPRECATED_OBJC_IMPLEMENTATIONS = YES;
				CLANG_WARN_DIRECT_OBJC_ISA_USAGE = YES_ERROR;
				CLANG_WARN_DOCUMENTATION_COMMENTS = YES;
				CLANG_WARN_EMPTY_BODY = YES;
				CLANG_WARN_ENUM_CONVERSION = YES;
				CLANG_WARN_INFINITE_RECURSION = YES;
				CLANG_WARN_INT_CONVERSION = YES;
				CLANG_WARN_NON_LITERAL_NULL_CONVERSION = YES;
				CLANG_WARN_OBJC_IMPLICIT_RETAIN_SELF = YES;
				CLANG_WARN_OBJC_LITERAL_CONVERSION = YES;
				CLANG_WARN_OBJC_ROOT_CLASS = YES_ERROR;
				CLANG_WARN_QUOTED_INCLUDE_IN_FRAMEWORK_HEADER = YES;
				CLANG_WARN_RANGE_LOOP_ANALYSIS = YES;
				CLANG_WARN_STRICT_PROTOTYPES = YES;
				CLANG_WARN_SUSPICIOUS_MOVE = YES;
				CLANG_WARN_UNGUARDED_AVAILABILITY = YES_AGGRESSIVE;
				CLANG_WARN_UNREACHABLE_CODE = YES;
				CLANG_WARN__DUPLICATE_METHOD_MATCH = YES;
				COPY_PHASE_STRIP = NO;
				DEBUG_INFORMATION_FORMAT = "dwarf-with-dsym";
				ENABLE_NS_ASSERTIONS = NO;
				ENABLE_STRICT_OBJC_MSGSEND = YES;
				GCC_C_LANGUAGE_STANDARD = gnu11;
				GCC_NO_COMMON_BLOCKS = YES;
				GCC_WARN_64_TO_32_BIT_CONVERSION = YES;
				GCC_WARN_ABOUT_RETURN_TYPE = YES_ERROR;
				GCC_WARN_UNDECLARED_SELECTOR = YES;
				GCC_WARN_UNINITIALIZED_AUTOS = YES_AGGRESSIVE;
				GCC_WARN_UNUSED_FUNCTION = YES;
				GCC_WARN_UNUSED_VARIABLE = YES;
				IPHONEOS_DEPLOYMENT_TARGET = 14.3;
				MTL_ENABLE_DEBUG_INFO = NO;
				MTL_FAST_MATH = YES;
				SDKROOT = iphoneos;
				SWIFT_COMPILATION_MODE = wholemodule;
				SWIFT_OPTIMIZATION_LEVEL = "-O";
				VALIDATE_PRODUCT = YES;
			};
			name = Release;
		};
		48B59B6C2620B0E400321ECF /* Debug */ = {
			isa = XCBuildConfiguration;
			baseConfigurationReference = B4A793D1CDCC2803B6EDB0C5 /* Pods-WatchTogether.debug.xcconfig */;
			buildSettings = {
				ASSETCATALOG_COMPILER_APPICON_NAME = AppIcon;
				ASSETCATALOG_COMPILER_GLOBAL_ACCENT_COLOR_NAME = AccentColor;
				CODE_SIGN_IDENTITY = "iPhone Distribution";
				CODE_SIGN_STYLE = Manual;
				CURRENT_PROJECT_VERSION = 2;
				DEVELOPMENT_TEAM = DUARKS4RRC;
				INFOPLIST_FILE = "$(SRCROOT)/WatchTogether/Resources/Info.plist";
				IPHONEOS_DEPLOYMENT_TARGET = 12.0;
				LD_RUNPATH_SEARCH_PATHS = (
					"$(inherited)",
					"@executable_path/Frameworks",
				);
				PRODUCT_BUNDLE_IDENTIFIER = com.emin.WatchTogether;
				PRODUCT_NAME = "$(TARGET_NAME)";
				PROVISIONING_PROFILE_SPECIFIER = watchtogether_dis;
				SWIFT_VERSION = 5.0;
				TARGETED_DEVICE_FAMILY = "1,2";
			};
			name = Debug;
		};
		48B59B6D2620B0E400321ECF /* Release */ = {
			isa = XCBuildConfiguration;
			baseConfigurationReference = 4FCC0EC95102519A5FE36834 /* Pods-WatchTogether.release.xcconfig */;
			buildSettings = {
				ASSETCATALOG_COMPILER_APPICON_NAME = AppIcon;
				ASSETCATALOG_COMPILER_GLOBAL_ACCENT_COLOR_NAME = AccentColor;
				CODE_SIGN_IDENTITY = "iPhone Distribution";
				CODE_SIGN_STYLE = Manual;
				CURRENT_PROJECT_VERSION = 2;
				DEVELOPMENT_TEAM = DUARKS4RRC;
				INFOPLIST_FILE = "$(SRCROOT)/WatchTogether/Resources/Info.plist";
				IPHONEOS_DEPLOYMENT_TARGET = 12.0;
				LD_RUNPATH_SEARCH_PATHS = (
					"$(inherited)",
					"@executable_path/Frameworks",
				);
				PRODUCT_BUNDLE_IDENTIFIER = com.emin.WatchTogether;
				PRODUCT_NAME = "$(TARGET_NAME)";
				PROVISIONING_PROFILE_SPECIFIER = watchtogether_dis;
				SWIFT_VERSION = 5.0;
				TARGETED_DEVICE_FAMILY = "1,2";
			};
			name = Release;
		};
/* End XCBuildConfiguration section */

/* Begin XCConfigurationList section */
		48B59B522620B0E200321ECF /* Build configuration list for PBXProject "WatchTogether" */ = {
			isa = XCConfigurationList;
			buildConfigurations = (
				48B59B692620B0E400321ECF /* Debug */,
				48B59B6A2620B0E400321ECF /* Release */,
			);
			defaultConfigurationIsVisible = 0;
			defaultConfigurationName = Release;
		};
		48B59B6B2620B0E400321ECF /* Build configuration list for PBXNativeTarget "WatchTogether" */ = {
			isa = XCConfigurationList;
			buildConfigurations = (
				48B59B6C2620B0E400321ECF /* Debug */,
				48B59B6D2620B0E400321ECF /* Release */,
			);
			defaultConfigurationIsVisible = 0;
			defaultConfigurationName = Release;
		};
/* End XCConfigurationList section */
	};
	rootObject = 48B59B4F2620B0E200321ECF /* Project object */;
}
